
Microsoft Visual Studio Solution File, Format Version 12.00
# Visual Studio Version 16
VisualStudioVersion = 16.0.29418.71
MinimumVisualStudioVersion = 10.0.40219.1
Project("{FAE04EC0-301F-11D3-BF4B-00C04F79EFBC}") = "AspNetCoreGenericRepositoryPatternUnitOfWork", "AspNetCoreGenericRepositoryPatternUnitOfWork\AspNetCoreGenericRepositoryPatternUnitOfWork.csproj", "{CDEA5C26-241F-45A2-A7B2-84CCDF156437}"
EndProject
Global
	GlobalSection(SolutionConfigurationPlatforms) = preSolution
		Debug|Any CPU = Debug|Any CPU
		Release|Any CPU = Release|Any CPU
	EndGlobalSection
	GlobalSection(ProjectConfigurationPlatforms) = postSolution
		{CDEA5C26-241F-45A2-A7B2-84CCDF156437}.Debug|Any CPU.ActiveCfg = Debug|Any CPU
		{CDEA5C26-241F-45A2-A7B2-84CCDF156437}.Debug|Any CPU.Build.0 = Debug|Any CPU
		{CDEA5C26-241F-45A2-A7B2-84CCDF156437}.Release|Any CPU.ActiveCfg = Release|Any CPU
		{CDEA5C26-241F-45A2-A7B2-84CCDF156437}.Release|Any CPU.Build.0 = Release|Any CPU
	EndGlobalSection
	GlobalSection(SolutionProperties) = preSolution
		HideSolutionNode = FALSE
	EndGlobalSection
	GlobalSection(ExtensibilityGlobals) = postSolution
		SolutionGuid = {E8F3B781-EBD0-49A7-9A4B-A18391396FD1}
	EndGlobalSection
EndGlobal
